
Microsoft Visual Studio Solution File, Format Version 12.00
# Visual Studio Version 16
VisualStudioVersion = 16.0.29215.179
MinimumVisualStudioVersion = 10.0.40219.1
Project("{FAE04EC0-301F-11D3-BF4B-00C04F79EFBC}") = "Command", "Command.Tools\Command.csproj", "{4FE50F2D-6C81-4589-9340-27A82E2854C0}"
EndProject
Project("{FAE04EC0-301F-11D3-BF4B-00C04F79EFBC}") = "Questions.Middle", "Questions.Middle\Questions.Middle.csproj", "{998EC8B2-295C-4F64-B651-A9241B5DB2B6}"
EndProject
Project("{FAE04EC0-301F-11D3-BF4B-00C04F79EFBC}") = "ConsoleTest", "Console.Test\ConsoleTest.csproj", "{54DB67BA-1D3D-413E-B288-4748516EE3EA}"
EndProject
Global
	GlobalSection(SolutionConfigurationPlatforms) = preSolution
		Debug|Any CPU = Debug|Any CPU
		Release|Any CPU = Release|Any CPU
	EndGlobalSection
	GlobalSection(ProjectConfigurationPlatforms) = postSolution
		{4FE50F2D-6C81-4589-9340-27A82E2854C0}.Debug|Any CPU.ActiveCfg = Debug|Any CPU
		{4FE50F2D-6C81-4589-9340-27A82E2854C0}.Debug|Any CPU.Build.0 = Debug|Any CPU
		{4FE50F2D-6C81-4589-9340-27A82E2854C0}.Release|Any CPU.ActiveCfg = Release|Any CPU
		{4FE50F2D-6C81-4589-9340-27A82E2854C0}.Release|Any CPU.Build.0 = Release|Any CPU
		{998EC8B2-295C-4F64-B651-A9241B5DB2B6}.Debug|Any CPU.ActiveCfg = Debug|Any CPU
		{998EC8B2-295C-4F64-B651-A9241B5DB2B6}.Debug|Any CPU.Build.0 = Debug|Any CPU
		{998EC8B2-295C-4F64-B651-A9241B5DB2B6}.Release|Any CPU.ActiveCfg = Release|Any CPU
		{998EC8B2-295C-4F64-B651-A9241B5DB2B6}.Release|Any CPU.Build.0 = Release|Any CPU
		{54DB67BA-1D3D-413E-B288-4748516EE3EA}.Debug|Any CPU.ActiveCfg = Debug|Any CPU
		{54DB67BA-1D3D-413E-B288-4748516EE3EA}.Debug|Any CPU.Build.0 = Debug|Any CPU
		{54DB67BA-1D3D-413E-B288-4748516EE3EA}.Release|Any CPU.ActiveCfg = Release|Any CPU
		{54DB67BA-1D3D-413E-B288-4748516EE3EA}.Release|Any CPU.Build.0 = Release|Any CPU
	EndGlobalSection
	GlobalSection(SolutionProperties) = preSolution
		HideSolutionNode = FALSE
	EndGlobalSection
	GlobalSection(ExtensibilityGlobals) = postSolution
		SolutionGuid = {92E17B60-037A-4DED-AFE5-61E19C92D720}
	EndGlobalSection
EndGlobal
